
Microsoft Visual Studio Solution File, Format Version 12.00
# Visual Studio Version 16
VisualStudioVersion = 25.0.1706.0
MinimumVisualStudioVersion = 10.0.40219.1
Project("{FAE04EC0-301F-11D3-BF4B-00C04F79EFBC}") = "Pig Latin", "Pig Latin\Pig Latin.csproj", "{541645A0-7163-4BE3-B447-DAD60F8FE314}"
EndProject
Global
	GlobalSection(SolutionConfigurationPlatforms) = preSolution
		Debug|Any CPU = Debug|Any CPU
		Release|Any CPU = Release|Any CPU
	EndGlobalSection
	GlobalSection(ProjectConfigurationPlatforms) = postSolution
		{541645A0-7163-4BE3-B447-DAD60F8FE314}.Debug|Any CPU.ActiveCfg = Debug|Any CPU
		{541645A0-7163-4BE3-B447-DAD60F8FE314}.Debug|Any CPU.Build.0 = Debug|Any CPU
		{541645A0-7163-4BE3-B447-DAD60F8FE314}.Release|Any CPU.ActiveCfg = Release|Any CPU
		{541645A0-7163-4BE3-B447-DAD60F8FE314}.Release|Any CPU.Build.0 = Release|Any CPU
	EndGlobalSection
	GlobalSection(SolutionProperties) = preSolution
		HideSolutionNode = FALSE
	EndGlobalSection
	GlobalSection(ExtensibilityGlobals) = postSolution
		SolutionGuid = {55A44BEF-D34B-4174-8313-80B3EF74FD14}
	EndGlobalSection
EndGlobal
